
Microsoft Visual Studio Solution File, Format Version 12.00
# Visual Studio 15
VisualStudioVersion = 15.0.28307.168
MinimumVisualStudioVersion = 10.0.40219.1
Project("{FAE04EC0-301F-11D3-BF4B-00C04F79EFBC}") = "UserMaintenance", "UserMaintenance\UserMaintenance.csproj", "{67F75A2F-CDDA-48FE-B3F2-AB09C43BD414}"
EndProject
Global
	GlobalSection(SolutionConfigurationPlatforms) = preSolution
		Debug|Any CPU = Debug|Any CPU
		Release|Any CPU = Release|Any CPU
	EndGlobalSection
	GlobalSection(ProjectConfigurationPlatforms) = postSolution
		{67F75A2F-CDDA-48FE-B3F2-AB09C43BD414}.Debug|Any CPU.ActiveCfg = Debug|Any CPU
		{67F75A2F-CDDA-48FE-B3F2-AB09C43BD414}.Debug|Any CPU.Build.0 = Debug|Any CPU
		{67F75A2F-CDDA-48FE-B3F2-AB09C43BD414}.Release|Any CPU.ActiveCfg = Release|Any CPU
		{67F75A2F-CDDA-48FE-B3F2-AB09C43BD414}.Release|Any CPU.Build.0 = Release|Any CPU
	EndGlobalSection
	GlobalSection(SolutionProperties) = preSolution
		HideSolutionNode = FALSE
	EndGlobalSection
	GlobalSection(ExtensibilityGlobals) = postSolution
		SolutionGuid = {342FD8DA-F583-45EF-B3C5-4B5E0DEEE7FD}
	EndGlobalSection
EndGlobal
